
Microsoft Visual Studio Solution File, Format Version 12.00
# Visual Studio Version 17
VisualStudioVersion = 17.0.31903.59
MinimumVisualStudioVersion = 10.0.40219.1
Project("{2150E333-8FDC-42A3-9474-1A3956D46DE8}") = "src", "src", "{07C583E1-113D-4DF2-8CCB-0032B08DF74B}"
EndProject
Project("{2150E333-8FDC-42A3-9474-1A3956D46DE8}") = "BuildingBlocks", "BuildingBlocks", "{A6EECCC2-E730-4F59-8E31-C45BCABBC71F}"
EndProject
Project("{FAE04EC0-301F-11D3-BF4B-00C04F79EFBC}") = "Contracts", "src\BuildingBlocks\Contracts\Contracts.csproj", "{A27F7F84-AAAC-4002-B975-7CE0209F9D59}"
EndProject
Project("{FAE04EC0-301F-11D3-BF4B-00C04F79EFBC}") = "Grpc.Protos", "src\BuildingBlocks\Grpc.Protos\Grpc.Protos.csproj", "{BD82FEFF-19F9-44C3-BCAC-E7176DCD99BC}"
EndProject
Project("{FAE04EC0-301F-11D3-BF4B-00C04F79EFBC}") = "Observability", "src\BuildingBlocks\Observability\Observability.csproj", "{B6787337-C731-4DD9-BEAA-047A4D83D14E}"
EndProject
Project("{FAE04EC0-301F-11D3-BF4B-00C04F79EFBC}") = "ApiGateway.Yarp", "src\ApiGateway\ApiGateway.Yarp.csproj", "{EDCF1D85-7E91-4B7B-8F63-69335C167B82}"
EndProject
Project("{2150E333-8FDC-42A3-9474-1A3956D46DE8}") = "TransactionIntake", "TransactionIntake", "{2215B84A-1C39-491A-A2BF-83E7C04031EE}"
EndProject
Project("{FAE04EC0-301F-11D3-BF4B-00C04F79EFBC}") = "TransactionIntake.Domain", "src\TransactionIntake\TransactionIntake.Domain\TransactionIntake.Domain.csproj", "{9F50CF3D-41A7-41B0-BD76-2662E6C6D0F4}"
EndProject
Project("{FAE04EC0-301F-11D3-BF4B-00C04F79EFBC}") = "TransactionIntake.Application", "src\TransactionIntake\TransactionIntake.Application\TransactionIntake.Application.csproj", "{0F0EEB8E-3BAE-408B-B168-D725E8DD8542}"
EndProject
Project("{FAE04EC0-301F-11D3-BF4B-00C04F79EFBC}") = "TransactionIntake.Infrastructure", "src\TransactionIntake\TransactionIntake.Infrastructure\TransactionIntake.Infrastructure.csproj", "{D54F414F-0CF4-4F85-9B81-E25AC49A346C}"
EndProject
Project("{FAE04EC0-301F-11D3-BF4B-00C04F79EFBC}") = "TransactionIntake.Api", "src\TransactionIntake\TransactionIntake.Api\TransactionIntake.Api.csproj", "{26AF0128-4167-4E64-9774-E5AF72A5CF60}"
EndProject
Project("{2150E333-8FDC-42A3-9474-1A3956D46DE8}") = "SagaOrchestrator", "SagaOrchestrator", "{B7E2445A-B024-4AA3-9D92-B40C0880A8F0}"
EndProject
Project("{FAE04EC0-301F-11D3-BF4B-00C04F79EFBC}") = "SagaOrchestrator.Domain", "src\SagaOrchestrator\SagaOrchestrator.Domain\SagaOrchestrator.Domain.csproj", "{7CBF7ABF-9938-488F-9BE5-1D8E5FBACD4F}"
EndProject
Project("{FAE04EC0-301F-11D3-BF4B-00C04F79EFBC}") = "SagaOrchestrator.Application", "src\SagaOrchestrator\SagaOrchestrator.Application\SagaOrchestrator.Application.csproj", "{E519B1B0-00F1-4CFB-A72E-77F0BC038A9D}"
EndProject
Project("{FAE04EC0-301F-11D3-BF4B-00C04F79EFBC}") = "SagaOrchestrator.Infrastructure", "src\SagaOrchestrator\SagaOrchestrator.Infrastructure\SagaOrchestrator.Infrastructure.csproj", "{1F3C0E19-8ED4-4FC8-BA27-073D088DBE52}"
EndProject
Project("{FAE04EC0-301F-11D3-BF4B-00C04F79EFBC}") = "SagaOrchestrator.Worker", "src\SagaOrchestrator\SagaOrchestrator.Worker\SagaOrchestrator.Worker.csproj", "{BD436C7B-05F3-4BC1-974E-CC966572B4E9}"
EndProject
Project("{2150E333-8FDC-42A3-9474-1A3956D46DE8}") = "Ledger", "Ledger", "{351AF3EC-A6EE-4C8D-91A2-B8C299BEE39E}"
EndProject
Project("{FAE04EC0-301F-11D3-BF4B-00C04F79EFBC}") = "Ledger.Domain", "src\Ledger\Ledger.Domain\Ledger.Domain.csproj", "{DFCAC556-9B60-40FC-B971-707866BB254F}"
EndProject
Project("{FAE04EC0-301F-11D3-BF4B-00C04F79EFBC}") = "Ledger.Application", "src\Ledger\Ledger.Application\Ledger.Application.csproj", "{0AD391ED-C939-420F-8591-D3FB57328288}"
EndProject
Project("{FAE04EC0-301F-11D3-BF4B-00C04F79EFBC}") = "Ledger.Infrastructure", "src\Ledger\Ledger.Infrastructure\Ledger.Infrastructure.csproj", "{54E489B0-AD3D-4486-AAAB-9BD37E6B0B2F}"
EndProject
Project("{FAE04EC0-301F-11D3-BF4B-00C04F79EFBC}") = "Ledger.Api", "src\Ledger\Ledger.Api\Ledger.Api.csproj", "{B65173DE-A47F-4CEF-A52E-1B1E30745B7C}"
EndProject
Project("{2150E333-8FDC-42A3-9474-1A3956D46DE8}") = "BalanceQuery", "BalanceQuery", "{ED932F77-9501-4034-91B1-F70DFB4AFF72}"
EndProject
Project("{FAE04EC0-301F-11D3-BF4B-00C04F79EFBC}") = "BalanceQuery.Domain", "src\BalanceQuery\BalanceQuery.Domain\BalanceQuery.Domain.csproj", "{60F0BD0C-DCD5-420C-BAB8-F7FF65DD21B6}"
EndProject
Project("{FAE04EC0-301F-11D3-BF4B-00C04F79EFBC}") = "BalanceQuery.Application", "src\BalanceQuery\BalanceQuery.Application\BalanceQuery.Application.csproj", "{8B0A1399-C944-4C79-9DAC-72A606334732}"
EndProject
Project("{FAE04EC0-301F-11D3-BF4B-00C04F79EFBC}") = "BalanceQuery.Infrastructure", "src\BalanceQuery\BalanceQuery.Infrastructure\BalanceQuery.Infrastructure.csproj", "{B01B4C9C-ED2B-4E10-BA7E-8C1ACC37FB3C}"
EndProject
Project("{FAE04EC0-301F-11D3-BF4B-00C04F79EFBC}") = "BalanceQuery.Api", "src\BalanceQuery\BalanceQuery.Api\BalanceQuery.Api.csproj", "{EA77AAD5-5C77-487C-9BB0-6E5521E711A1}"
EndProject
Project("{2150E333-8FDC-42A3-9474-1A3956D46DE8}") = "WebhookDispatcher", "WebhookDispatcher", "{128E6209-071E-4374-AD40-62C7DA304A83}"
EndProject
Project("{FAE04EC0-301F-11D3-BF4B-00C04F79EFBC}") = "WebhookDispatcher.Domain", "src\WebhookDispatcher\WebhookDispatcher.Domain\WebhookDispatcher.Domain.csproj", "{499D3D8F-E998-4274-8FF1-B8396E37B4BB}"
EndProject
Project("{FAE04EC0-301F-11D3-BF4B-00C04F79EFBC}") = "WebhookDispatcher.Application", "src\WebhookDispatcher\WebhookDispatcher.Application\WebhookDispatcher.Application.csproj", "{89FE051C-C4E8-44FF-A5D5-96CD5A632C81}"
EndProject
Project("{FAE04EC0-301F-11D3-BF4B-00C04F79EFBC}") = "WebhookDispatcher.Infrastructure", "src\WebhookDispatcher\WebhookDispatcher.Infrastructure\WebhookDispatcher.Infrastructure.csproj", "{CFCEA4A7-D51A-4EBA-A361-E2B59A6CB07E}"
EndProject
Project("{FAE04EC0-301F-11D3-BF4B-00C04F79EFBC}") = "WebhookDispatcher.Worker", "src\WebhookDispatcher\WebhookDispatcher.Worker\WebhookDispatcher.Worker.csproj", "{D8CDFBD7-7AD0-49D6-BBC4-9787C4379405}"
EndProject
Project("{2150E333-8FDC-42A3-9474-1A3956D46DE8}") = "tests", "tests", "{1441173B-0659-42C2-8E99-E0ED214C6E6C}"
EndProject
Project("{FAE04EC0-301F-11D3-BF4B-00C04F79EFBC}") = "ArchitectureTests", "tests\ArchitectureTests\ArchitectureTests.csproj", "{197F7589-C53F-4D5D-B61E-530786DDEC82}"
EndProject
Project("{FAE04EC0-301F-11D3-BF4B-00C04F79EFBC}") = "Ledger.UnitTests", "tests\Ledger.UnitTests\Ledger.UnitTests.csproj", "{0E4C2B31-91F6-4474-A933-E8F0AE7D46B4}"
EndProject
Project("{FAE04EC0-301F-11D3-BF4B-00C04F79EFBC}") = "Ledger.IntegrationTests", "tests\Ledger.IntegrationTests\Ledger.IntegrationTests.csproj", "{E23C819B-3509-4446-96AD-C827FB40943E}"
EndProject
Project("{FAE04EC0-301F-11D3-BF4B-00C04F79EFBC}") = "TransactionIntake.IntegrationTests", "tests\TransactionIntake.IntegrationTests\TransactionIntake.IntegrationTests.csproj", "{930A724F-F7A2-4D36-9998-80474D72C73B}"
EndProject
Project("{FAE04EC0-301F-11D3-BF4B-00C04F79EFBC}") = "SagaOrchestrator.IntegrationTests", "tests\SagaOrchestrator.IntegrationTests\SagaOrchestrator.IntegrationTests.csproj", "{5389AC73-88B2-4BC1-9D5D-319585CCA1AE}"
EndProject
Project("{FAE04EC0-301F-11D3-BF4B-00C04F79EFBC}") = "BalanceQuery.IntegrationTests", "tests\BalanceQuery.IntegrationTests\BalanceQuery.IntegrationTests.csproj", "{CDD350CD-7E69-4565-A01D-E42E1FC73344}"
EndProject
Project("{FAE04EC0-301F-11D3-BF4B-00C04F79EFBC}") = "WebhookDispatcher.IntegrationTests", "tests\WebhookDispatcher.IntegrationTests\WebhookDispatcher.IntegrationTests.csproj", "{59E7D13B-B6C1-4915-84FE-CC64556747AA}"
EndProject
Project("{FAE04EC0-301F-11D3-BF4B-00C04F79EFBC}") = "ApiGateway.IntegrationTests", "tests\ApiGateway.IntegrationTests\ApiGateway.IntegrationTests.csproj", "{F897B1B0-5796-443C-BCE5-7CC116BD276F}"
EndProject
Project("{FAE04EC0-301F-11D3-BF4B-00C04F79EFBC}") = "EndToEnd.Tests", "tests\EndToEnd.Tests\EndToEnd.Tests.csproj", "{A8DA6EEC-D5F3-4452-94F3-01DAB55F1B6D}"
EndProject
Global
	GlobalSection(SolutionConfigurationPlatforms) = preSolution
		Debug|Any CPU = Debug|Any CPU
		Release|Any CPU = Release|Any CPU
	EndGlobalSection
	GlobalSection(SolutionProperties) = preSolution
		HideSolutionNode = FALSE
	EndGlobalSection
	GlobalSection(ProjectConfigurationPlatforms) = postSolution
		{A27F7F84-AAAC-4002-B975-7CE0209F9D59}.Debug|Any CPU.ActiveCfg = Debug|Any CPU
		{A27F7F84-AAAC-4002-B975-7CE0209F9D59}.Debug|Any CPU.Build.0 = Debug|Any CPU
		{A27F7F84-AAAC-4002-B975-7CE0209F9D59}.Release|Any CPU.ActiveCfg = Release|Any CPU
		{A27F7F84-AAAC-4002-B975-7CE0209F9D59}.Release|Any CPU.Build.0 = Release|Any CPU
		{BD82FEFF-19F9-44C3-BCAC-E7176DCD99BC}.Debug|Any CPU.ActiveCfg = Debug|Any CPU
		{BD82FEFF-19F9-44C3-BCAC-E7176DCD99BC}.Debug|Any CPU.Build.0 = Debug|Any CPU
		{BD82FEFF-19F9-44C3-BCAC-E7176DCD99BC}.Release|Any CPU.ActiveCfg = Release|Any CPU
		{BD82FEFF-19F9-44C3-BCAC-E7176DCD99BC}.Release|Any CPU.Build.0 = Release|Any CPU
		{B6787337-C731-4DD9-BEAA-047A4D83D14E}.Debug|Any CPU.ActiveCfg = Debug|Any CPU
		{B6787337-C731-4DD9-BEAA-047A4D83D14E}.Debug|Any CPU.Build.0 = Debug|Any CPU
		{B6787337-C731-4DD9-BEAA-047A4D83D14E}.Release|Any CPU.ActiveCfg = Release|Any CPU
		{B6787337-C731-4DD9-BEAA-047A4D83D14E}.Release|Any CPU.Build.0 = Release|Any CPU
		{EDCF1D85-7E91-4B7B-8F63-69335C167B82}.Debug|Any CPU.ActiveCfg = Debug|Any CPU
		{EDCF1D85-7E91-4B7B-8F63-69335C167B82}.Debug|Any CPU.Build.0 = Debug|Any CPU
		{EDCF1D85-7E91-4B7B-8F63-69335C167B82}.Release|Any CPU.ActiveCfg = Release|Any CPU
		{EDCF1D85-7E91-4B7B-8F63-69335C167B82}.Release|Any CPU.Build.0 = Release|Any CPU
		{9F50CF3D-41A7-41B0-BD76-2662E6C6D0F4}.Debug|Any CPU.ActiveCfg = Debug|Any CPU
		{9F50CF3D-41A7-41B0-BD76-2662E6C6D0F4}.Debug|Any CPU.Build.0 = Debug|Any CPU
		{9F50CF3D-41A7-41B0-BD76-2662E6C6D0F4}.Release|Any CPU.ActiveCfg = Release|Any CPU
		{9F50CF3D-41A7-41B0-BD76-2662E6C6D0F4}.Release|Any CPU.Build.0 = Release|Any CPU
		{0F0EEB8E-3BAE-408B-B168-D725E8DD8542}.Debug|Any CPU.ActiveCfg = Debug|Any CPU
		{0F0EEB8E-3BAE-408B-B168-D725E8DD8542}.Debug|Any CPU.Build.0 = Debug|Any CPU
		{0F0EEB8E-3BAE-408B-B168-D725E8DD8542}.Release|Any CPU.ActiveCfg = Release|Any CPU
		{0F0EEB8E-3BAE-408B-B168-D725E8DD8542}.Release|Any CPU.Build.0 = Release|Any CPU
		{D54F414F-0CF4-4F85-9B81-E25AC49A346C}.Debug|Any CPU.ActiveCfg = Debug|Any CPU
		{D54F414F-0CF4-4F85-9B81-E25AC49A346C}.Debug|Any CPU.Build.0 = Debug|Any CPU
		{D54F414F-0CF4-4F85-9B81-E25AC49A346C}.Release|Any CPU.ActiveCfg = Release|Any CPU
		{D54F414F-0CF4-4F85-9B81-E25AC49A346C}.Release|Any CPU.Build.0 = Release|Any CPU
		{26AF0128-4167-4E64-9774-E5AF72A5CF60}.Debug|Any CPU.ActiveCfg = Debug|Any CPU
		{26AF0128-4167-4E64-9774-E5AF72A5CF60}.Debug|Any CPU.Build.0 = Debug|Any CPU
		{26AF0128-4167-4E64-9774-E5AF72A5CF60}.Release|Any CPU.ActiveCfg = Release|Any CPU
		{26AF0128-4167-4E64-9774-E5AF72A5CF60}.Release|Any CPU.Build.0 = Release|Any CPU
		{7CBF7ABF-9938-488F-9BE5-1D8E5FBACD4F}.Debug|Any CPU.ActiveCfg = Debug|Any CPU
		{7CBF7ABF-9938-488F-9BE5-1D8E5FBACD4F}.Debug|Any CPU.Build.0 = Debug|Any CPU
		{7CBF7ABF-9938-488F-9BE5-1D8E5FBACD4F}.Release|Any CPU.ActiveCfg = Release|Any CPU
		{7CBF7ABF-9938-488F-9BE5-1D8E5FBACD4F}.Release|Any CPU.Build.0 = Release|Any CPU
		{E519B1B0-00F1-4CFB-A72E-77F0BC038A9D}.Debug|Any CPU.ActiveCfg = Debug|Any CPU
		{E519B1B0-00F1-4CFB-A72E-77F0BC038A9D}.Debug|Any CPU.Build.0 = Debug|Any CPU
		{E519B1B0-00F1-4CFB-A72E-77F0BC038A9D}.Release|Any CPU.ActiveCfg = Release|Any CPU
		{E519B1B0-00F1-4CFB-A72E-77F0BC038A9D}.Release|Any CPU.Build.0 = Release|Any CPU
		{1F3C0E19-8ED4-4FC8-BA27-073D088DBE52}.Debug|Any CPU.ActiveCfg = Debug|Any CPU
		{1F3C0E19-8ED4-4FC8-BA27-073D088DBE52}.Debug|Any CPU.Build.0 = Debug|Any CPU
		{1F3C0E19-8ED4-4FC8-BA27-073D088DBE52}.Release|Any CPU.ActiveCfg = Release|Any CPU
		{1F3C0E19-8ED4-4FC8-BA27-073D088DBE52}.Release|Any CPU.Build.0 = Release|Any CPU
		{BD436C7B-05F3-4BC1-974E-CC966572B4E9}.Debug|Any CPU.ActiveCfg = Debug|Any CPU
		{BD436C7B-05F3-4BC1-974E-CC966572B4E9}.Debug|Any CPU.Build.0 = Debug|Any CPU
		{BD436C7B-05F3-4BC1-974E-CC966572B4E9}.Release|Any CPU.ActiveCfg = Release|Any CPU
		{BD436C7B-05F3-4BC1-974E-CC966572B4E9}.Release|Any CPU.Build.0 = Release|Any CPU
		{DFCAC556-9B60-40FC-B971-707866BB254F}.Debug|Any CPU.ActiveCfg = Debug|Any CPU
		{DFCAC556-9B60-40FC-B971-707866BB254F}.Debug|Any CPU.Build.0 = Debug|Any CPU
		{DFCAC556-9B60-40FC-B971-707866BB254F}.Release|Any CPU.ActiveCfg = Release|Any CPU
		{DFCAC556-9B60-40FC-B971-707866BB254F}.Release|Any CPU.Build.0 = Release|Any CPU
		{0AD391ED-C939-420F-8591-D3FB57328288}.Debug|Any CPU.ActiveCfg = Debug|Any CPU
		{0AD391ED-C939-420F-8591-D3FB57328288}.Debug|Any CPU.Build.0 = Debug|Any CPU
		{0AD391ED-C939-420F-8591-D3FB57328288}.Release|Any CPU.ActiveCfg = Release|Any CPU
		{0AD391ED-C939-420F-8591-D3FB57328288}.Release|Any CPU.Build.0 = Release|Any CPU
		{54E489B0-AD3D-4486-AAAB-9BD37E6B0B2F}.Debug|Any CPU.ActiveCfg = Debug|Any CPU
		{54E489B0-AD3D-4486-AAAB-9BD37E6B0B2F}.Debug|Any CPU.Build.0 = Debug|Any CPU
		{54E489B0-AD3D-4486-AAAB-9BD37E6B0B2F}.Release|Any CPU.ActiveCfg = Release|Any CPU
		{54E489B0-AD3D-4486-AAAB-9BD37E6B0B2F}.Release|Any CPU.Build.0 = Release|Any CPU
		{B65173DE-A47F-4CEF-A52E-1B1E30745B7C}.Debug|Any CPU.ActiveCfg = Debug|Any CPU
		{B65173DE-A47F-4CEF-A52E-1B1E30745B7C}.Debug|Any CPU.Build.0 = Debug|Any CPU
		{B65173DE-A47F-4CEF-A52E-1B1E30745B7C}.Release|Any CPU.ActiveCfg = Release|Any CPU
		{B65173DE-A47F-4CEF-A52E-1B1E30745B7C}.Release|Any CPU.Build.0 = Release|Any CPU
		{60F0BD0C-DCD5-420C-BAB8-F7FF65DD21B6}.Debug|Any CPU.ActiveCfg = Debug|Any CPU
		{60F0BD0C-DCD5-420C-BAB8-F7FF65DD21B6}.Debug|Any CPU.Build.0 = Debug|Any CPU
		{60F0BD0C-DCD5-420C-BAB8-F7FF65DD21B6}.Release|Any CPU.ActiveCfg = Release|Any CPU
		{60F0BD0C-DCD5-420C-BAB8-F7FF65DD21B6}.Release|Any CPU.Build.0 = Release|Any CPU
		{8B0A1399-C944-4C79-9DAC-72A606334732}.Debug|Any CPU.ActiveCfg = Debug|Any CPU
		{8B0A1399-C944-4C79-9DAC-72A606334732}.Debug|Any CPU.Build.0 = Debug|Any CPU
		{8B0A1399-C944-4C79-9DAC-72A606334732}.Release|Any CPU.ActiveCfg = Release|Any CPU
		{8B0A1399-C944-4C79-9DAC-72A606334732}.Release|Any CPU.Build.0 = Release|Any CPU
		{B01B4C9C-ED2B-4E10-BA7E-8C1ACC37FB3C}.Debug|Any CPU.ActiveCfg = Debug|Any CPU
		{B01B4C9C-ED2B-4E10-BA7E-8C1ACC37FB3C}.Debug|Any CPU.Build.0 = Debug|Any CPU
		{B01B4C9C-ED2B-4E10-BA7E-8C1ACC37FB3C}.Release|Any CPU.ActiveCfg = Release|Any CPU
		{B01B4C9C-ED2B-4E10-BA7E-8C1ACC37FB3C}.Release|Any CPU.Build.0 = Release|Any CPU
		{EA77AAD5-5C77-487C-9BB0-6E5521E711A1}.Debug|Any CPU.ActiveCfg = Debug|Any CPU
		{EA77AAD5-5C77-487C-9BB0-6E5521E711A1}.Debug|Any CPU.Build.0 = Debug|Any CPU
		{EA77AAD5-5C77-487C-9BB0-6E5521E711A1}.Release|Any CPU.ActiveCfg = Release|Any CPU
		{EA77AAD5-5C77-487C-9BB0-6E5521E711A1}.Release|Any CPU.Build.0 = Release|Any CPU
		{499D3D8F-E998-4274-8FF1-B8396E37B4BB}.Debug|Any CPU.ActiveCfg = Debug|Any CPU
		{499D3D8F-E998-4274-8FF1-B8396E37B4BB}.Debug|Any CPU.Build.0 = Debug|Any CPU
		{499D3D8F-E998-4274-8FF1-B8396E37B4BB}.Release|Any CPU.ActiveCfg = Release|Any CPU
		{499D3D8F-E998-4274-8FF1-B8396E37B4BB}.Release|Any CPU.Build.0 = Release|Any CPU
		{89FE051C-C4E8-44FF-A5D5-96CD5A632C81}.Debug|Any CPU.ActiveCfg = Debug|Any CPU
		{89FE051C-C4E8-44FF-A5D5-96CD5A632C81}.Debug|Any CPU.Build.0 = Debug|Any CPU
		{89FE051C-C4E8-44FF-A5D5-96CD5A632C81}.Release|Any CPU.ActiveCfg = Release|Any CPU
		{89FE051C-C4E8-44FF-A5D5-96CD5A632C81}.Release|Any CPU.Build.0 = Release|Any CPU
		{CFCEA4A7-D51A-4EBA-A361-E2B59A6CB07E}.Debug|Any CPU.ActiveCfg = Debug|Any CPU
		{CFCEA4A7-D51A-4EBA-A361-E2B59A6CB07E}.Debug|Any CPU.Build.0 = Debug|Any CPU
		{CFCEA4A7-D51A-4EBA-A361-E2B59A6CB07E}.Release|Any CPU.ActiveCfg = Release|Any CPU
		{CFCEA4A7-D51A-4EBA-A361-E2B59A6CB07E}.Release|Any CPU.Build.0 = Release|Any CPU
		{D8CDFBD7-7AD0-49D6-BBC4-9787C4379405}.Debug|Any CPU.ActiveCfg = Debug|Any CPU
		{D8CDFBD7-7AD0-49D6-BBC4-9787C4379405}.Debug|Any CPU.Build.0 = Debug|Any CPU
		{D8CDFBD7-7AD0-49D6-BBC4-9787C4379405}.Release|Any CPU.ActiveCfg = Release|Any CPU
		{D8CDFBD7-7AD0-49D6-BBC4-9787C4379405}.Release|Any CPU.Build.0 = Release|Any CPU
		{197F7589-C53F-4D5D-B61E-530786DDEC82}.Debug|Any CPU.ActiveCfg = Debug|Any CPU
		{197F7589-C53F-4D5D-B61E-530786DDEC82}.Debug|Any CPU.Build.0 = Debug|Any CPU
		{197F7589-C53F-4D5D-B61E-530786DDEC82}.Release|Any CPU.ActiveCfg = Release|Any CPU
		{197F7589-C53F-4D5D-B61E-530786DDEC82}.Release|Any CPU.Build.0 = Release|Any CPU
		{0E4C2B31-91F6-4474-A933-E8F0AE7D46B4}.Debug|Any CPU.ActiveCfg = Debug|Any CPU
		{0E4C2B31-91F6-4474-A933-E8F0AE7D46B4}.Debug|Any CPU.Build.0 = Debug|Any CPU
		{0E4C2B31-91F6-4474-A933-E8F0AE7D46B4}.Release|Any CPU.ActiveCfg = Release|Any CPU
		{0E4C2B31-91F6-4474-A933-E8F0AE7D46B4}.Release|Any CPU.Build.0 = Release|Any CPU
		{E23C819B-3509-4446-96AD-C827FB40943E}.Debug|Any CPU.ActiveCfg = Debug|Any CPU
		{E23C819B-3509-4446-96AD-C827FB40943E}.Debug|Any CPU.Build.0 = Debug|Any CPU
		{E23C819B-3509-4446-96AD-C827FB40943E}.Release|Any CPU.ActiveCfg = Release|Any CPU
		{E23C819B-3509-4446-96AD-C827FB40943E}.Release|Any CPU.Build.0 = Release|Any CPU
		{930A724F-F7A2-4D36-9998-80474D72C73B}.Debug|Any CPU.ActiveCfg = Debug|Any CPU
		{930A724F-F7A2-4D36-9998-80474D72C73B}.Debug|Any CPU.Build.0 = Debug|Any CPU
		{930A724F-F7A2-4D36-9998-80474D72C73B}.Release|Any CPU.ActiveCfg = Release|Any CPU
		{930A724F-F7A2-4D36-9998-80474D72C73B}.Release|Any CPU.Build.0 = Release|Any CPU
		{5389AC73-88B2-4BC1-9D5D-319585CCA1AE}.Debug|Any CPU.ActiveCfg = Debug|Any CPU
		{5389AC73-88B2-4BC1-9D5D-319585CCA1AE}.Debug|Any CPU.Build.0 = Debug|Any CPU
		{5389AC73-88B2-4BC1-9D5D-319585CCA1AE}.Release|Any CPU.ActiveCfg = Release|Any CPU
		{5389AC73-88B2-4BC1-9D5D-319585CCA1AE}.Release|Any CPU.Build.0 = Release|Any CPU
		{CDD350CD-7E69-4565-A01D-E42E1FC73344}.Debug|Any CPU.ActiveCfg = Debug|Any CPU
		{CDD350CD-7E69-4565-A01D-E42E1FC73344}.Debug|Any CPU.Build.0 = Debug|Any CPU
		{CDD350CD-7E69-4565-A01D-E42E1FC73344}.Release|Any CPU.ActiveCfg = Release|Any CPU
		{CDD350CD-7E69-4565-A01D-E42E1FC73344}.Release|Any CPU.Build.0 = Release|Any CPU
		{59E7D13B-B6C1-4915-84FE-CC64556747AA}.Debug|Any CPU.ActiveCfg = Debug|Any CPU
		{59E7D13B-B6C1-4915-84FE-CC64556747AA}.Debug|Any CPU.Build.0 = Debug|Any CPU
		{59E7D13B-B6C1-4915-84FE-CC64556747AA}.Release|Any CPU.ActiveCfg = Release|Any CPU
		{59E7D13B-B6C1-4915-84FE-CC64556747AA}.Release|Any CPU.Build.0 = Release|Any CPU
		{F897B1B0-5796-443C-BCE5-7CC116BD276F}.Debug|Any CPU.ActiveCfg = Debug|Any CPU
		{F897B1B0-5796-443C-BCE5-7CC116BD276F}.Debug|Any CPU.Build.0 = Debug|Any CPU
		{F897B1B0-5796-443C-BCE5-7CC116BD276F}.Release|Any CPU.ActiveCfg = Release|Any CPU
		{F897B1B0-5796-443C-BCE5-7CC116BD276F}.Release|Any CPU.Build.0 = Release|Any CPU
		{A8DA6EEC-D5F3-4452-94F3-01DAB55F1B6D}.Debug|Any CPU.ActiveCfg = Debug|Any CPU
		{A8DA6EEC-D5F3-4452-94F3-01DAB55F1B6D}.Debug|Any CPU.Build.0 = Debug|Any CPU
		{A8DA6EEC-D5F3-4452-94F3-01DAB55F1B6D}.Release|Any CPU.ActiveCfg = Release|Any CPU
		{A8DA6EEC-D5F3-4452-94F3-01DAB55F1B6D}.Release|Any CPU.Build.0 = Release|Any CPU
	EndGlobalSection
	GlobalSection(NestedProjects) = preSolution
		{A6EECCC2-E730-4F59-8E31-C45BCABBC71F} = {07C583E1-113D-4DF2-8CCB-0032B08DF74B}
		{A27F7F84-AAAC-4002-B975-7CE0209F9D59} = {A6EECCC2-E730-4F59-8E31-C45BCABBC71F}
		{BD82FEFF-19F9-44C3-BCAC-E7176DCD99BC} = {A6EECCC2-E730-4F59-8E31-C45BCABBC71F}
		{B6787337-C731-4DD9-BEAA-047A4D83D14E} = {A6EECCC2-E730-4F59-8E31-C45BCABBC71F}
		{EDCF1D85-7E91-4B7B-8F63-69335C167B82} = {07C583E1-113D-4DF2-8CCB-0032B08DF74B}
		{2215B84A-1C39-491A-A2BF-83E7C04031EE} = {07C583E1-113D-4DF2-8CCB-0032B08DF74B}
		{9F50CF3D-41A7-41B0-BD76-2662E6C6D0F4} = {2215B84A-1C39-491A-A2BF-83E7C04031EE}
		{0F0EEB8E-3BAE-408B-B168-D725E8DD8542} = {2215B84A-1C39-491A-A2BF-83E7C04031EE}
		{D54F414F-0CF4-4F85-9B81-E25AC49A346C} = {2215B84A-1C39-491A-A2BF-83E7C04031EE}
		{26AF0128-4167-4E64-9774-E5AF72A5CF60} = {2215B84A-1C39-491A-A2BF-83E7C04031EE}
		{B7E2445A-B024-4AA3-9D92-B40C0880A8F0} = {07C583E1-113D-4DF2-8CCB-0032B08DF74B}
		{7CBF7ABF-9938-488F-9BE5-1D8E5FBACD4F} = {B7E2445A-B024-4AA3-9D92-B40C0880A8F0}
		{E519B1B0-00F1-4CFB-A72E-77F0BC038A9D} = {B7E2445A-B024-4AA3-9D92-B40C0880A8F0}
		{1F3C0E19-8ED4-4FC8-BA27-073D088DBE52} = {B7E2445A-B024-4AA3-9D92-B40C0880A8F0}
		{BD436C7B-05F3-4BC1-974E-CC966572B4E9} = {B7E2445A-B024-4AA3-9D92-B40C0880A8F0}
		{351AF3EC-A6EE-4C8D-91A2-B8C299BEE39E} = {07C583E1-113D-4DF2-8CCB-0032B08DF74B}
		{DFCAC556-9B60-40FC-B971-707866BB254F} = {351AF3EC-A6EE-4C8D-91A2-B8C299BEE39E}
		{0AD391ED-C939-420F-8591-D3FB57328288} = {351AF3EC-A6EE-4C8D-91A2-B8C299BEE39E}
		{54E489B0-AD3D-4486-AAAB-9BD37E6B0B2F} = {351AF3EC-A6EE-4C8D-91A2-B8C299BEE39E}
		{B65173DE-A47F-4CEF-A52E-1B1E30745B7C} = {351AF3EC-A6EE-4C8D-91A2-B8C299BEE39E}
		{ED932F77-9501-4034-91B1-F70DFB4AFF72} = {07C583E1-113D-4DF2-8CCB-0032B08DF74B}
		{60F0BD0C-DCD5-420C-BAB8-F7FF65DD21B6} = {ED932F77-9501-4034-91B1-F70DFB4AFF72}
		{8B0A1399-C944-4C79-9DAC-72A606334732} = {ED932F77-9501-4034-91B1-F70DFB4AFF72}
		{B01B4C9C-ED2B-4E10-BA7E-8C1ACC37FB3C} = {ED932F77-9501-4034-91B1-F70DFB4AFF72}
		{EA77AAD5-5C77-487C-9BB0-6E5521E711A1} = {ED932F77-9501-4034-91B1-F70DFB4AFF72}
		{128E6209-071E-4374-AD40-62C7DA304A83} = {07C583E1-113D-4DF2-8CCB-0032B08DF74B}
		{499D3D8F-E998-4274-8FF1-B8396E37B4BB} = {128E6209-071E-4374-AD40-62C7DA304A83}
		{89FE051C-C4E8-44FF-A5D5-96CD5A632C81} = {128E6209-071E-4374-AD40-62C7DA304A83}
		{CFCEA4A7-D51A-4EBA-A361-E2B59A6CB07E} = {128E6209-071E-4374-AD40-62C7DA304A83}
		{D8CDFBD7-7AD0-49D6-BBC4-9787C4379405} = {128E6209-071E-4374-AD40-62C7DA304A83}
		{197F7589-C53F-4D5D-B61E-530786DDEC82} = {1441173B-0659-42C2-8E99-E0ED214C6E6C}
		{0E4C2B31-91F6-4474-A933-E8F0AE7D46B4} = {1441173B-0659-42C2-8E99-E0ED214C6E6C}
		{E23C819B-3509-4446-96AD-C827FB40943E} = {1441173B-0659-42C2-8E99-E0ED214C6E6C}
		{930A724F-F7A2-4D36-9998-80474D72C73B} = {1441173B-0659-42C2-8E99-E0ED214C6E6C}
		{5389AC73-88B2-4BC1-9D5D-319585CCA1AE} = {1441173B-0659-42C2-8E99-E0ED214C6E6C}
		{CDD350CD-7E69-4565-A01D-E42E1FC73344} = {1441173B-0659-42C2-8E99-E0ED214C6E6C}
		{59E7D13B-B6C1-4915-84FE-CC64556747AA} = {1441173B-0659-42C2-8E99-E0ED214C6E6C}
		{F897B1B0-5796-443C-BCE5-7CC116BD276F} = {1441173B-0659-42C2-8E99-E0ED214C6E6C}
		{A8DA6EEC-D5F3-4452-94F3-01DAB55F1B6D} = {1441173B-0659-42C2-8E99-E0ED214C6E6C}
	EndGlobalSection
EndGlobal
